
Microsoft Visual Studio Solution File, Format Version 10.00
# Visual C++ Express 2008
Project("{8BC9CEB8-8B4A-11D0-8D11-00A0C91BC942}") = "MyWindow", "MyWindow\MyWindow.vcproj", "{CF52E91F-752B-45CA-9010-8C4C8F5E349B}"
EndProject
Global
	GlobalSection(SolutionConfigurationPlatforms) = preSolution
		Debug|Win32 = Debug|Win32
		Release|Win32 = Release|Win32
	EndGlobalSection
	GlobalSection(ProjectConfigurationPlatforms) = postSolution
		{CF52E91F-752B-45CA-9010-8C4C8F5E349B}.Debug|Win32.ActiveCfg = Debug|Win32
		{CF52E91F-752B-45CA-9010-8C4C8F5E349B}.Debug|Win32.Build.0 = Debug|Win32
		{CF52E91F-752B-45CA-9010-8C4C8F5E349B}.Release|Win32.ActiveCfg = Release|Win32
		{CF52E91F-752B-45CA-9010-8C4C8F5E349B}.Release|Win32.Build.0 = Release|Win32
	EndGlobalSection
	GlobalSection(SolutionProperties) = preSolution
		HideSolutionNode = FALSE
	EndGlobalSection
EndGlobal
