
Microsoft Visual Studio Solution File, Format Version 10.00
# Visual C++ Express 2008
Project("{8BC9CEB8-8B4A-11D0-8D11-00A0C91BC942}") = "Hello_World", "Hello_World\Hello_World.vcproj", "{330E2978-C0FB-4C79-95E9-9441BA3D8300}"
EndProject
Global
	GlobalSection(SolutionConfigurationPlatforms) = preSolution
		Debug|Win32 = Debug|Win32
		Release|Win32 = Release|Win32
	EndGlobalSection
	GlobalSection(ProjectConfigurationPlatforms) = postSolution
		{330E2978-C0FB-4C79-95E9-9441BA3D8300}.Debug|Win32.ActiveCfg = Debug|Win32
		{330E2978-C0FB-4C79-95E9-9441BA3D8300}.Debug|Win32.Build.0 = Debug|Win32
		{330E2978-C0FB-4C79-95E9-9441BA3D8300}.Release|Win32.ActiveCfg = Release|Win32
		{330E2978-C0FB-4C79-95E9-9441BA3D8300}.Release|Win32.Build.0 = Release|Win32
	EndGlobalSection
	GlobalSection(SolutionProperties) = preSolution
		HideSolutionNode = FALSE
	EndGlobalSection
EndGlobal
