
Microsoft Visual Studio Solution File, Format Version 10.00
# Visual C++ Express 2008
Project("{8BC9CEB8-8B4A-11D0-8D11-00A0C91BC942}") = "Msg_Handling_Msg_Boxes", "Msg_Handling_Msg_Boxes\Msg_Handling_Msg_Boxes.vcproj", "{E9DD5552-D5C9-4B4E-B2B2-1AB12EE6C56E}"
EndProject
Global
	GlobalSection(SolutionConfigurationPlatforms) = preSolution
		Debug|Win32 = Debug|Win32
		Release|Win32 = Release|Win32
	EndGlobalSection
	GlobalSection(ProjectConfigurationPlatforms) = postSolution
		{E9DD5552-D5C9-4B4E-B2B2-1AB12EE6C56E}.Debug|Win32.ActiveCfg = Debug|Win32
		{E9DD5552-D5C9-4B4E-B2B2-1AB12EE6C56E}.Debug|Win32.Build.0 = Debug|Win32
		{E9DD5552-D5C9-4B4E-B2B2-1AB12EE6C56E}.Release|Win32.ActiveCfg = Release|Win32
		{E9DD5552-D5C9-4B4E-B2B2-1AB12EE6C56E}.Release|Win32.Build.0 = Release|Win32
	EndGlobalSection
	GlobalSection(SolutionProperties) = preSolution
		HideSolutionNode = FALSE
	EndGlobalSection
EndGlobal
